
Microsoft Visual Studio Solution File, Format Version 12.00
# Visual Studio 15
VisualStudioVersion = 15.0.28307.271
MinimumVisualStudioVersion = 10.0.40219.1
Project("{FAE04EC0-301F-11D3-BF4B-00C04F79EFBC}") = "ConnMon", "ConnMon\ConnMon.csproj", "{326308D3-FFF6-4CE2-86C7-BB11624317DD}"
EndProject
Global
	GlobalSection(SolutionConfigurationPlatforms) = preSolution
		Debug|Any CPU = Debug|Any CPU
		Release|Any CPU = Release|Any CPU
	EndGlobalSection
	GlobalSection(ProjectConfigurationPlatforms) = postSolution
		{326308D3-FFF6-4CE2-86C7-BB11624317DD}.Debug|Any CPU.ActiveCfg = Debug|Any CPU
		{326308D3-FFF6-4CE2-86C7-BB11624317DD}.Debug|Any CPU.Build.0 = Debug|Any CPU
		{326308D3-FFF6-4CE2-86C7-BB11624317DD}.Release|Any CPU.ActiveCfg = Release|Any CPU
		{326308D3-FFF6-4CE2-86C7-BB11624317DD}.Release|Any CPU.Build.0 = Release|Any CPU
	EndGlobalSection
	GlobalSection(SolutionProperties) = preSolution
		HideSolutionNode = FALSE
	EndGlobalSection
	GlobalSection(ExtensibilityGlobals) = postSolution
		SolutionGuid = {0B5DF8D1-9C3E-4219-BF4E-AD5A59D143F2}
	EndGlobalSection
EndGlobal
